
Microsoft Visual Studio Solution File, Format Version 12.00
# Visual Studio Version 17
VisualStudioVersion = 17.9.34902.65
MinimumVisualStudioVersion = 10.0.40219.1
Project("{FAE04EC0-301F-11D3-BF4B-00C04F79EFBC}") = "autopeli2", "autopeli2\autopeli2.csproj", "{A66E5ADC-FE09-4184-BE00-6B6CF0AFB565}"
EndProject
Global
	GlobalSection(SolutionConfigurationPlatforms) = preSolution
		Debug|Any CPU = Debug|Any CPU
		Release|Any CPU = Release|Any CPU
	EndGlobalSection
	GlobalSection(ProjectConfigurationPlatforms) = postSolution
		{A66E5ADC-FE09-4184-BE00-6B6CF0AFB565}.Debug|Any CPU.ActiveCfg = Debug|Any CPU
		{A66E5ADC-FE09-4184-BE00-6B6CF0AFB565}.Debug|Any CPU.Build.0 = Debug|Any CPU
		{A66E5ADC-FE09-4184-BE00-6B6CF0AFB565}.Release|Any CPU.ActiveCfg = Release|Any CPU
		{A66E5ADC-FE09-4184-BE00-6B6CF0AFB565}.Release|Any CPU.Build.0 = Release|Any CPU
	EndGlobalSection
	GlobalSection(SolutionProperties) = preSolution
		HideSolutionNode = FALSE
	EndGlobalSection
	GlobalSection(ExtensibilityGlobals) = postSolution
		SolutionGuid = {3D72F073-0B69-460C-A675-71344710B81C}
	EndGlobalSection
EndGlobal
